
Microsoft Visual Studio Solution File, Format Version 12.00
# Visual Studio 14
VisualStudioVersion = 14.0.25420.1
MinimumVisualStudioVersion = 10.0.40219.1
Project("{FAE04EC0-301F-11D3-BF4B-00C04F79EFBC}") = "GUI", "GUI\GUI.csproj", "{E788FD0F-C31F-4980-B365-75B7226FC9C2}"
EndProject
Project("{FAE04EC0-301F-11D3-BF4B-00C04F79EFBC}") = "DTO", "DTO\DTO.csproj", "{512F155E-D3AA-4099-B658-7D3425E1357B}"
EndProject
Project("{FAE04EC0-301F-11D3-BF4B-00C04F79EFBC}") = "DAO", "DAO\DAO.csproj", "{EB87DC49-3FFC-4550-A494-E22736697969}"
EndProject
Project("{FAE04EC0-301F-11D3-BF4B-00C04F79EFBC}") = "BUS", "BUS\BUS.csproj", "{1B3CD2F6-9905-4FC3-A550-942D1F0F432E}"
EndProject
Global
	GlobalSection(SolutionConfigurationPlatforms) = preSolution
		Debug|Any CPU = Debug|Any CPU
		Release|Any CPU = Release|Any CPU
	EndGlobalSection
	GlobalSection(ProjectConfigurationPlatforms) = postSolution
		{E788FD0F-C31F-4980-B365-75B7226FC9C2}.Debug|Any CPU.ActiveCfg = Debug|Any CPU
		{E788FD0F-C31F-4980-B365-75B7226FC9C2}.Debug|Any CPU.Build.0 = Debug|Any CPU
		{E788FD0F-C31F-4980-B365-75B7226FC9C2}.Release|Any CPU.ActiveCfg = Release|Any CPU
		{E788FD0F-C31F-4980-B365-75B7226FC9C2}.Release|Any CPU.Build.0 = Release|Any CPU
		{512F155E-D3AA-4099-B658-7D3425E1357B}.Debug|Any CPU.ActiveCfg = Debug|Any CPU
		{512F155E-D3AA-4099-B658-7D3425E1357B}.Debug|Any CPU.Build.0 = Debug|Any CPU
		{512F155E-D3AA-4099-B658-7D3425E1357B}.Release|Any CPU.ActiveCfg = Release|Any CPU
		{512F155E-D3AA-4099-B658-7D3425E1357B}.Release|Any CPU.Build.0 = Release|Any CPU
		{EB87DC49-3FFC-4550-A494-E22736697969}.Debug|Any CPU.ActiveCfg = Debug|Any CPU
		{EB87DC49-3FFC-4550-A494-E22736697969}.Debug|Any CPU.Build.0 = Debug|Any CPU
		{EB87DC49-3FFC-4550-A494-E22736697969}.Release|Any CPU.ActiveCfg = Release|Any CPU
		{EB87DC49-3FFC-4550-A494-E22736697969}.Release|Any CPU.Build.0 = Release|Any CPU
		{1B3CD2F6-9905-4FC3-A550-942D1F0F432E}.Debug|Any CPU.ActiveCfg = Debug|Any CPU
		{1B3CD2F6-9905-4FC3-A550-942D1F0F432E}.Debug|Any CPU.Build.0 = Debug|Any CPU
		{1B3CD2F6-9905-4FC3-A550-942D1F0F432E}.Release|Any CPU.ActiveCfg = Release|Any CPU
		{1B3CD2F6-9905-4FC3-A550-942D1F0F432E}.Release|Any CPU.Build.0 = Release|Any CPU
	EndGlobalSection
	GlobalSection(SolutionProperties) = preSolution
		HideSolutionNode = FALSE
	EndGlobalSection
EndGlobal
